
Microsoft Visual Studio Solution File, Format Version 12.00
# Visual Studio Version 16
VisualStudioVersion = 16.0.29920.165
MinimumVisualStudioVersion = 10.0.40219.1
Project("{FAE04EC0-301F-11D3-BF4B-00C04F79EFBC}") = "Moses", "Moses\Moses.csproj", "{CAA4AAD0-79EA-4033-AA61-15E6B4416A47}"
EndProject
Global
	GlobalSection(SolutionConfigurationPlatforms) = preSolution
		Debug|Any CPU = Debug|Any CPU
		Release|Any CPU = Release|Any CPU
	EndGlobalSection
	GlobalSection(ProjectConfigurationPlatforms) = postSolution
		{CAA4AAD0-79EA-4033-AA61-15E6B4416A47}.Debug|Any CPU.ActiveCfg = Debug|Any CPU
		{CAA4AAD0-79EA-4033-AA61-15E6B4416A47}.Debug|Any CPU.Build.0 = Debug|Any CPU
		{CAA4AAD0-79EA-4033-AA61-15E6B4416A47}.Release|Any CPU.ActiveCfg = Release|Any CPU
		{CAA4AAD0-79EA-4033-AA61-15E6B4416A47}.Release|Any CPU.Build.0 = Release|Any CPU
	EndGlobalSection
	GlobalSection(SolutionProperties) = preSolution
		HideSolutionNode = FALSE
	EndGlobalSection
	GlobalSection(ExtensibilityGlobals) = postSolution
		SolutionGuid = {FC259FD8-737C-4673-B42A-B293317D612C}
	EndGlobalSection
EndGlobal
